
Microsoft Visual Studio Solution File, Format Version 12.00
# Visual Studio Version 17
VisualStudioVersion = 17.5.002.0
MinimumVisualStudioVersion = 10.0.40219.1
Project("{9A19103F-16F7-4668-BE54-9A1E7A4F7556}") = "FiveToSeven", "FiveToSeven.csproj", "{041807BD-E821-47CE-A9CD-433DD26360A1}"
EndProject
Global
	GlobalSection(SolutionConfigurationPlatforms) = preSolution
		Debug|Any CPU = Debug|Any CPU
		Release|Any CPU = Release|Any CPU
	EndGlobalSection
	GlobalSection(ProjectConfigurationPlatforms) = postSolution
		{041807BD-E821-47CE-A9CD-433DD26360A1}.Debug|Any CPU.ActiveCfg = Debug|Any CPU
		{041807BD-E821-47CE-A9CD-433DD26360A1}.Debug|Any CPU.Build.0 = Debug|Any CPU
		{041807BD-E821-47CE-A9CD-433DD26360A1}.Release|Any CPU.ActiveCfg = Release|Any CPU
		{041807BD-E821-47CE-A9CD-433DD26360A1}.Release|Any CPU.Build.0 = Release|Any CPU
	EndGlobalSection
	GlobalSection(SolutionProperties) = preSolution
		HideSolutionNode = FALSE
	EndGlobalSection
	GlobalSection(ExtensibilityGlobals) = postSolution
		SolutionGuid = {E9825505-E472-4951-92D1-E86AE3DA8D86}
	EndGlobalSection
EndGlobal
